
Microsoft Visual Studio Solution File, Format Version 12.00
# Visual Studio Version 17
VisualStudioVersion = 17.13.35818.85 d17.13
MinimumVisualStudioVersion = 10.0.40219.1
Project("{FAE04EC0-301F-11D3-BF4B-00C04F79EFBC}") = "day2", "day2\day2.csproj", "{2B71BC2F-0122-4070-8A28-6E5D66AC7423}"
EndProject
Global
	GlobalSection(SolutionConfigurationPlatforms) = preSolution
		Debug|Any CPU = Debug|Any CPU
		Release|Any CPU = Release|Any CPU
	EndGlobalSection
	GlobalSection(ProjectConfigurationPlatforms) = postSolution
		{2B71BC2F-0122-4070-8A28-6E5D66AC7423}.Debug|Any CPU.ActiveCfg = Debug|Any CPU
		{2B71BC2F-0122-4070-8A28-6E5D66AC7423}.Debug|Any CPU.Build.0 = Debug|Any CPU
		{2B71BC2F-0122-4070-8A28-6E5D66AC7423}.Release|Any CPU.ActiveCfg = Release|Any CPU
		{2B71BC2F-0122-4070-8A28-6E5D66AC7423}.Release|Any CPU.Build.0 = Release|Any CPU
	EndGlobalSection
	GlobalSection(SolutionProperties) = preSolution
		HideSolutionNode = FALSE
	EndGlobalSection
	GlobalSection(ExtensibilityGlobals) = postSolution
		SolutionGuid = {B6A41A5F-4A3E-42BC-90EA-2BEA7B11922A}
	EndGlobalSection
EndGlobal
